
Microsoft Visual Studio Solution File, Format Version 12.00
# Visual Studio Version 17
VisualStudioVersion = 17.0.31903.59
MinimumVisualStudioVersion = 10.0.40219.1
Project("{FAE04EC0-301F-11D3-BF4B-00C04F79EFBC}") = "MimoContacts", "MimoContacts\MimoContacts.csproj", "{C80CD9E9-74AC-4D38-AFED-7949CAB420CA}"
EndProject
Project("{FAE04EC0-301F-11D3-BF4B-00C04F79EFBC}") = "MimoContacts.Contracts", "MimoContacts.Contracts\MimoContacts.Contracts.csproj", "{271B3774-E769-4966-AEAF-A1CEE7ACD115}"
EndProject
Global
	GlobalSection(SolutionConfigurationPlatforms) = preSolution
		Debug|Any CPU = Debug|Any CPU
		Release|Any CPU = Release|Any CPU
	EndGlobalSection
	GlobalSection(SolutionProperties) = preSolution
		HideSolutionNode = FALSE
	EndGlobalSection
	GlobalSection(ProjectConfigurationPlatforms) = postSolution
		{C80CD9E9-74AC-4D38-AFED-7949CAB420CA}.Debug|Any CPU.ActiveCfg = Debug|Any CPU
		{C80CD9E9-74AC-4D38-AFED-7949CAB420CA}.Debug|Any CPU.Build.0 = Debug|Any CPU
		{C80CD9E9-74AC-4D38-AFED-7949CAB420CA}.Release|Any CPU.ActiveCfg = Release|Any CPU
		{C80CD9E9-74AC-4D38-AFED-7949CAB420CA}.Release|Any CPU.Build.0 = Release|Any CPU
		{271B3774-E769-4966-AEAF-A1CEE7ACD115}.Debug|Any CPU.ActiveCfg = Debug|Any CPU
		{271B3774-E769-4966-AEAF-A1CEE7ACD115}.Debug|Any CPU.Build.0 = Debug|Any CPU
		{271B3774-E769-4966-AEAF-A1CEE7ACD115}.Release|Any CPU.ActiveCfg = Release|Any CPU
		{271B3774-E769-4966-AEAF-A1CEE7ACD115}.Release|Any CPU.Build.0 = Release|Any CPU
	EndGlobalSection
EndGlobal
